// !$*UTF8*$!
{
	archiveVersion = 1;
	classes = {
	};
	objectVersion = 46;
	objects = {

/* Begin PBXBuildFile section */
		7C77F0011B0272D50012BC93 /* CameraKit.framework in Frameworks */ = {isa = PBXBuildFile; fileRef = 7C77F0001B0272D50012BC93 /* CameraKit.framework */; };
		7C77F0021B0272DC0012BC93 /* CameraKit.framework in CopyFiles */ = {isa = PBXBuildFile; fileRef = 7C77F0001B0272D50012BC93 /* CameraKit.framework */; settings = {ATTRIBUTES = (CodeSignOnCopy, RemoveHeadersOnCopy, ); }; };
		7CB039121AD2180600536804 /* AppDelegate.swift in Sources */ = {isa = PBXBuildFile; fileRef = 7CB039111AD2180600536804 /* AppDelegate.swift */; };
		7CB039141AD2180600536804 /* ViewController.swift in Sources */ = {isa = PBXBuildFile; fileRef = 7CB039131AD2180600536804 /* ViewController.swift */; };
		7CB039171AD2180600536804 /* Main.storyboard in Resources */ = {isa = PBXBuildFile; fileRef = 7CB039151AD2180600536804 /* Main.storyboard */; };
		7CB039191AD2180600536804 /* Images.xcassets in Resources */ = {isa = PBXBuildFile; fileRef = 7CB039181AD2180600536804 /* Images.xcassets */; };
		7CB0391C1AD2180600536804 /* LaunchScreen.xib in Resources */ = {isa = PBXBuildFile; fileRef = 7CB0391A1AD2180600536804 /* LaunchScreen.xib */; };
		7CB039281AD2180600536804 /* CameraKitExampleTests.swift in Sources */ = {isa = PBXBuildFile; fileRef = 7CB039271AD2180600536804 /* CameraKitExampleTests.swift */; };
/* End PBXBuildFile section */

/* Begin PBXContainerItemProxy section */
		7CB039221AD2180600536804 /* PBXContainerItemProxy */ = {
			isa = PBXContainerItemProxy;
			containerPortal = 7CB039041AD2180600536804 /* Project object */;
			proxyType = 1;
			remoteGlobalIDString = 7CB0390B1AD2180600536804;
			remoteInfo = CameraKitExample;
		};
/* End PBXContainerItemProxy section */

/* Begin PBXCopyFilesBuildPhase section */
		7CB039331AD21A3200536804 /* CopyFiles */ = {
			isa = PBXCopyFilesBuildPhase;
			buildActionMask = 2147483647;
			dstPath = "";
			dstSubfolderSpec = 10;
			files = (
				7C77F0021B0272DC0012BC93 /* CameraKit.framework in CopyFiles */,
			);
			runOnlyForDeploymentPostprocessing = 0;
		};
/* End PBXCopyFilesBuildPhase section */

/* Begin PBXFileReference section */
		7C77F0001B0272D50012BC93 /* CameraKit.framework */ = {isa = PBXFileReference; lastKnownFileType = wrapper.framework; name = CameraKit.framework; path = "../../../../../../Library/Developer/Xcode/DerivedData/CameraKit-bykaapacsaalkcajtsodzpvfjwsx/Build/Products/Debug-iphoneos/CameraKit.framework"; sourceTree = "<group>"; };
		7CB0390C1AD2180600536804 /* CameraKitExample.app */ = {isa = PBXFileReference; explicitFileType = wrapper.application; includeInIndex = 0; path = CameraKitExample.app; sourceTree = BUILT_PRODUCTS_DIR; };
		7CB039101AD2180600536804 /* Info.plist */ = {isa = PBXFileReference; lastKnownFileType = text.plist.xml; path = Info.plist; sourceTree = "<group>"; };
		7CB039111AD2180600536804 /* AppDelegate.swift */ = {isa = PBXFileReference; lastKnownFileType = sourcecode.swift; path = AppDelegate.swift; sourceTree = "<group>"; };
		7CB039131AD2180600536804 /* ViewController.swift */ = {isa = PBXFileReference; lastKnownFileType = sourcecode.swift; path = ViewController.swift; sourceTree = "<group>"; };
		7CB039161AD2180600536804 /* Base */ = {isa = PBXFileReference; lastKnownFileType = file.storyboard; name = Base; path = Base.lproj/Main.storyboard; sourceTree = "<group>"; };
		7CB039181AD2180600536804 /* Images.xcassets */ = {isa = PBXFileReference; lastKnownFileType = folder.assetcatalog; path = Images.xcassets; sourceTree = "<group>"; };
		7CB0391B1AD2180600536804 /* Base */ = {isa = PBXFileReference; lastKnownFileType = file.xib; name = Base; path = Base.lproj/LaunchScreen.xib; sourceTree = "<group>"; };
		7CB039211AD2180600536804 /* CameraKitExampleTests.xctest */ = {isa = PBXFileReference; explicitFileType = wrapper.cfbundle; includeInIndex = 0; path = CameraKitExampleTests.xctest; sourceTree = BUILT_PRODUCTS_DIR; };
		7CB039261AD2180600536804 /* Info.plist */ = {isa = PBXFileReference; lastKnownFileType = text.plist.xml; path = Info.plist; sourceTree = "<group>"; };
		7CB039271AD2180600536804 /* CameraKitExampleTests.swift */ = {isa = PBXFileReference; lastKnownFileType = sourcecode.swift; path = CameraKitExampleTests.swift; sourceTree = "<group>"; };
/* End PBXFileReference section */

/* Begin PBXFrameworksBuildPhase section */
		7CB039091AD2180600536804 /* Frameworks */ = {
			isa = PBXFrameworksBuildPhase;
			buildActionMask = 2147483647;
			files = (
				7C77F0011B0272D50012BC93 /* CameraKit.framework in Frameworks */,
			);
			runOnlyForDeploymentPostprocessing = 0;
		};
		7CB0391E1AD2180600536804 /* Frameworks */ = {
			isa = PBXFrameworksBuildPhase;
			buildActionMask = 2147483647;
			files = (
			);
			runOnlyForDeploymentPostprocessing = 0;
		};
/* End PBXFrameworksBuildPhase section */

/* Begin PBXGroup section */
		7CB039031AD2180600536804 = {
			isa = PBXGroup;
			children = (
				7CB0390E1AD2180600536804 /* CameraKitExample */,
				7CB039241AD2180600536804 /* CameraKitExampleTests */,
				7CB0390D1AD2180600536804 /* Products */,
			);
			sourceTree = "<group>";
		};
		7CB0390D1AD2180600536804 /* Products */ = {
			isa = PBXGroup;
			children = (
				7CB0390C1AD2180600536804 /* CameraKitExample.app */,
				7CB039211AD2180600536804 /* CameraKitExampleTests.xctest */,
			);
			name = Products;
			sourceTree = "<group>";
		};
		7CB0390E1AD2180600536804 /* CameraKitExample */ = {
			isa = PBXGroup;
			children = (
				7CB039111AD2180600536804 /* AppDelegate.swift */,
				7CB039131AD2180600536804 /* ViewController.swift */,
				7CB039151AD2180600536804 /* Main.storyboard */,
				7CB039181AD2180600536804 /* Images.xcassets */,
				7CB0391A1AD2180600536804 /* LaunchScreen.xib */,
				7CB0390F1AD2180600536804 /* Supporting Files */,
			);
			path = CameraKitExample;
			sourceTree = "<group>";
		};
		7CB0390F1AD2180600536804 /* Supporting Files */ = {
			isa = PBXGroup;
			children = (
				7C77F0001B0272D50012BC93 /* CameraKit.framework */,
				7CB039101AD2180600536804 /* Info.plist */,
			);
			name = "Supporting Files";
			sourceTree = "<group>";
		};
		7CB039241AD2180600536804 /* CameraKitExampleTests */ = {
			isa = PBXGroup;
			children = (
				7CB039271AD2180600536804 /* CameraKitExampleTests.swift */,
				7CB039251AD2180600536804 /* Supporting Files */,
			);
			path = CameraKitExampleTests;
			sourceTree = "<group>";
		};
		7CB039251AD2180600536804 /* Supporting Files */ = {
			isa = PBXGroup;
			children = (
				7CB039261AD2180600536804 /* Info.plist */,
			);
			name = "Supporting Files";
			sourceTree = "<group>";
		};
/* End PBXGroup section */

/* Begin PBXNativeTarget section */
		7CB0390B1AD2180600536804 /* CameraKitExample */ = {
			isa = PBXNativeTarget;
			buildConfigurationList = 7CB0392B1AD2180600536804 /* Build configuration list for PBXNativeTarget "CameraKitExample" */;
			buildPhases = (
				7CB039081AD2180600536804 /* Sources */,
				7CB039091AD2180600536804 /* Frameworks */,
				7CB0390A1AD2180600536804 /* Resources */,
				7CB039331AD21A3200536804 /* CopyFiles */,
			);
			buildRules = (
			);
			dependencies = (
			);
			name = CameraKitExample;
			productName = CameraKitExample;
			productReference = 7CB0390C1AD2180600536804 /* CameraKitExample.app */;
			productType = "com.apple.product-type.application";
		};
		7CB039201AD2180600536804 /* CameraKitExampleTests */ = {
			isa = PBXNativeTarget;
			buildConfigurationList = 7CB0392E1AD2180600536804 /* Build configuration list for PBXNativeTarget "CameraKitExampleTests" */;
			buildPhases = (
				7CB0391D1AD2180600536804 /* Sources */,
				7CB0391E1AD2180600536804 /* Frameworks */,
				7CB0391F1AD2180600536804 /* Resources */,
			);
			buildRules = (
			);
			dependencies = (
				7CB039231AD2180600536804 /* PBXTargetDependency */,
			);
			name = CameraKitExampleTests;
			productName = CameraKitExampleTests;
			productReference = 7CB039211AD2180600536804 /* CameraKitExampleTests.xctest */;
			productType = "com.apple.product-type.bundle.unit-test";
		};
/* End PBXNativeTarget section */

/* Begin PBXProject section */
		7CB039041AD2180600536804 /* Project object */ = {
			isa = PBXProject;
			attributes = {
				LastUpgradeCheck = 0620;
				ORGANIZATIONNAME = "Present, Inc";
				TargetAttributes = {
					7CB0390B1AD2180600536804 = {
						CreatedOnToolsVersion = 6.2;
					};
					7CB039201AD2180600536804 = {
						CreatedOnToolsVersion = 6.2;
						TestTargetID = 7CB0390B1AD2180600536804;
					};
				};
			};
			buildConfigurationList = 7CB039071AD2180600536804 /* Build configuration list for PBXProject "CameraKitExample" */;
			compatibilityVersion = "Xcode 3.2";
			developmentRegion = English;
			hasScannedForEncodings = 0;
			knownRegions = (
				en,
				Base,
			);
			mainGroup = 7CB039031AD2180600536804;
			productRefGroup = 7CB0390D1AD2180600536804 /* Products */;
			projectDirPath = "";
			projectRoot = "";
			targets = (
				7CB0390B1AD2180600536804 /* CameraKitExample */,
				7CB039201AD2180600536804 /* CameraKitExampleTests */,
			);
		};
/* End PBXProject section */

/* Begin PBXResourcesBuildPhase section */
		7CB0390A1AD2180600536804 /* Resources */ = {
			isa = PBXResourcesBuildPhase;
			buildActionMask = 2147483647;
			files = (
				7CB039171AD2180600536804 /* Main.storyboard in Resources */,
				7CB0391C1AD2180600536804 /* LaunchScreen.xib in Resources */,
				7CB039191AD2180600536804 /* Images.xcassets in Resources */,
			);
			runOnlyForDeploymentPostprocessing = 0;
		};
		7CB0391F1AD2180600536804 /* Resources */ = {
			isa = PBXResourcesBuildPhase;
			buildActionMask = 2147483647;
			files = (
			);
			runOnlyForDeploymentPostprocessing = 0;
		};
/* End PBXResourcesBuildPhase section */

/* Begin PBXSourcesBuildPhase section */
		7CB039081AD2180600536804 /* Sources */ = {
			isa = PBXSourcesBuildPhase;
			buildActionMask = 2147483647;
			files = (
				7CB039141AD2180600536804 /* ViewController.swift in Sources */,
				7CB039121AD2180600536804 /* AppDelegate.swift in Sources */,
			);
			runOnlyForDeploymentPostprocessing = 0;
		};
		7CB0391D1AD2180600536804 /* Sources */ = {
			isa = PBXSourcesBuildPhase;
			buildActionMask = 2147483647;
			files = (
				7CB039281AD2180600536804 /* CameraKitExampleTests.swift in Sources */,
			);
			runOnlyForDeploymentPostprocessing = 0;
		};
/* End PBXSourcesBuildPhase section */

/* Begin PBXTargetDependency section */
		7CB039231AD2180600536804 /* PBXTargetDependency */ = {
			isa = PBXTargetDependency;
			target = 7CB0390B1AD2180600536804 /* CameraKitExample */;
			targetProxy = 7CB039221AD2180600536804 /* PBXContainerItemProxy */;
		};
/* End PBXTargetDependency section */

/* Begin PBXVariantGroup section */
		7CB039151AD2180600536804 /* Main.storyboard */ = {
			isa = PBXVariantGroup;
			children = (
				7CB039161AD2180600536804 /* Base */,
			);
			name = Main.storyboard;
			sourceTree = "<group>";
		};
		7CB0391A1AD2180600536804 /* LaunchScreen.xib */ = {
			isa = PBXVariantGroup;
			children = (
				7CB0391B1AD2180600536804 /* Base */,
			);
			name = LaunchScreen.xib;
			sourceTree = "<group>";
		};
/* End PBXVariantGroup section */

/* Begin XCBuildConfiguration section */
		7CB039291AD2180600536804 /* Debug */ = {
			isa = XCBuildConfiguration;
			buildSettings = {
				ALWAYS_SEARCH_USER_PATHS = NO;
				CLANG_CXX_LANGUAGE_STANDARD = "gnu++0x";
				CLANG_CXX_LIBRARY = "libc++";
				CLANG_ENABLE_MODULES = YES;
				CLANG_ENABLE_OBJC_ARC = YES;
				CLANG_WARN_BOOL_CONVERSION = YES;
				CLANG_WARN_CONSTANT_CONVERSION = YES;
				CLANG_WARN_DIRECT_OBJC_ISA_USAGE = YES_ERROR;
				CLANG_WARN_EMPTY_BODY = YES;
				CLANG_WARN_ENUM_CONVERSION = YES;
				CLANG_WARN_INT_CONVERSION = YES;
				CLANG_WARN_OBJC_ROOT_CLASS = YES_ERROR;
				CLANG_WARN_UNREACHABLE_CODE = YES;
				CLANG_WARN__DUPLICATE_METHOD_MATCH = YES;
				"CODE_SIGN_IDENTITY[sdk=iphoneos*]" = "iPhone Developer";
				COPY_PHASE_STRIP = NO;
				ENABLE_STRICT_OBJC_MSGSEND = YES;
				GCC_C_LANGUAGE_STANDARD = gnu99;
				GCC_DYNAMIC_NO_PIC = NO;
				GCC_OPTIMIZATION_LEVEL = 0;
				GCC_PREPROCESSOR_DEFINITIONS = (
					"DEBUG=1",
					"$(inherited)",
				);
				GCC_SYMBOLS_PRIVATE_EXTERN = NO;
				GCC_WARN_64_TO_32_BIT_CONVERSION = YES;
				GCC_WARN_ABOUT_RETURN_TYPE = YES_ERROR;
				GCC_WARN_UNDECLARED_SELECTOR = YES;
				GCC_WARN_UNINITIALIZED_AUTOS = YES_AGGRESSIVE;
				GCC_WARN_UNUSED_FUNCTION = YES;
				GCC_WARN_UNUSED_VARIABLE = YES;
				IPHONEOS_DEPLOYMENT_TARGET = 8.2;
				MTL_ENABLE_DEBUG_INFO = YES;
				ONLY_ACTIVE_ARCH = YES;
				SDKROOT = iphoneos;
				SWIFT_OPTIMIZATION_LEVEL = "-Onone";
			};
			name = Debug;
		};
		7CB0392A1AD2180600536804 /* Release */ = {
			isa = XCBuildConfiguration;
			buildSettings = {
				ALWAYS_SEARCH_USER_PATHS = NO;
				CLANG_CXX_LANGUAGE_STANDARD = "gnu++0x";
				CLANG_CXX_LIBRARY = "libc++";
				CLANG_ENABLE_MODULES = YES;
				CLANG_ENABLE_OBJC_ARC = YES;
				CLANG_WARN_BOOL_CONVERSION = YES;
				CLANG_WARN_CONSTANT_CONVERSION = YES;
				CLANG_WARN_DIRECT_OBJC_ISA_USAGE = YES_ERROR;
				CLANG_WARN_EMPTY_BODY = YES;
				CLANG_WARN_ENUM_CONVERSION = YES;
				CLANG_WARN_INT_CONVERSION = YES;
				CLANG_WARN_OBJC_ROOT_CLASS = YES_ERROR;
				CLANG_WARN_UNREACHABLE_CODE = YES;
				CLANG_WARN__DUPLICATE_METHOD_MATCH = YES;
				"CODE_SIGN_IDENTITY[sdk=iphoneos*]" = "iPhone Developer";
				COPY_PHASE_STRIP = NO;
				ENABLE_NS_ASSERTIONS = NO;
				ENABLE_STRICT_OBJC_MSGSEND = YES;
				GCC_C_LANGUAGE_STANDARD = gnu99;
				GCC_WARN_64_TO_32_BIT_CONVERSION = YES;
				GCC_WARN_ABOUT_RETURN_TYPE = YES_ERROR;
				GCC_WARN_UNDECLARED_SELECTOR = YES;
				GCC_WARN_UNINITIALIZED_AUTOS = YES_AGGRESSIVE;
				GCC_WARN_UNUSED_FUNCTION = YES;
				GCC_WARN_UNUSED_VARIABLE = YES;
				IPHONEOS_DEPLOYMENT_TARGET = 8.2;
				MTL_ENABLE_DEBUG_INFO = NO;
				SDKROOT = iphoneos;
				VALIDATE_PRODUCT = YES;
			};
			name = Release;
		};
		7CB0392C1AD2180600536804 /* Debug */ = {
			isa = XCBuildConfiguration;
			buildSettings = {
				ASSETCATALOG_COMPILER_APPICON_NAME = AppIcon;
				FRAMEWORK_SEARCH_PATHS = (
					"$(inherited)",
					"$(USER_LIBRARY_DIR)/Developer/Xcode/DerivedData/CameraKit-bdxjeddolpoohfhajehnxlpgwdjl/Build/Products/Debug-iphoneos",
					"$(PROJECT_DIR)/CameraKitExample",
					"$(USER_LIBRARY_DIR)/Developer/Xcode/DerivedData/CameraKit-bykaapacsaalkcajtsodzpvfjwsx/Build/Products/Debug-iphoneos",
				);
				INFOPLIST_FILE = CameraKitExample/Info.plist;
				LD_RUNPATH_SEARCH_PATHS = "$(inherited) @executable_path/Frameworks";
				PRODUCT_NAME = "$(TARGET_NAME)";
			};
			name = Debug;
		};
		7CB0392D1AD2180600536804 /* Release */ = {
			isa = XCBuildConfiguration;
			buildSettings = {
				ASSETCATALOG_COMPILER_APPICON_NAME = AppIcon;
				FRAMEWORK_SEARCH_PATHS = (
					"$(inherited)",
					"$(USER_LIBRARY_DIR)/Developer/Xcode/DerivedData/CameraKit-bdxjeddolpoohfhajehnxlpgwdjl/Build/Products/Debug-iphoneos",
					"$(PROJECT_DIR)/CameraKitExample",
					"$(USER_LIBRARY_DIR)/Developer/Xcode/DerivedData/CameraKit-bykaapacsaalkcajtsodzpvfjwsx/Build/Products/Debug-iphoneos",
				);
				INFOPLIST_FILE = CameraKitExample/Info.plist;
				LD_RUNPATH_SEARCH_PATHS = "$(inherited) @executable_path/Frameworks";
				PRODUCT_NAME = "$(TARGET_NAME)";
			};
			name = Release;
		};
		7CB0392F1AD2180600536804 /* Debug */ = {
			isa = XCBuildConfiguration;
			buildSettings = {
				BUNDLE_LOADER = "$(TEST_HOST)";
				FRAMEWORK_SEARCH_PATHS = (
					"$(SDKROOT)/Developer/Library/Frameworks",
					"$(inherited)",
				);
				GCC_PREPROCESSOR_DEFINITIONS = (
					"DEBUG=1",
					"$(inherited)",
				);
				INFOPLIST_FILE = CameraKitExampleTests/Info.plist;
				LD_RUNPATH_SEARCH_PATHS = "$(inherited) @executable_path/Frameworks @loader_path/Frameworks";
				PRODUCT_NAME = "$(TARGET_NAME)";
				TEST_HOST = "$(BUILT_PRODUCTS_DIR)/CameraKitExample.app/CameraKitExample";
			};
			name = Debug;
		};
		7CB039301AD2180600536804 /* Release */ = {
			isa = XCBuildConfiguration;
			buildSettings = {
				BUNDLE_LOADER = "$(TEST_HOST)";
				FRAMEWORK_SEARCH_PATHS = (
					"$(SDKROOT)/Developer/Library/Frameworks",
					"$(inherited)",
				);
				INFOPLIST_FILE = CameraKitExampleTests/Info.plist;
				LD_RUNPATH_SEARCH_PATHS = "$(inherited) @executable_path/Frameworks @loader_path/Frameworks";
				PRODUCT_NAME = "$(TARGET_NAME)";
				TEST_HOST = "$(BUILT_PRODUCTS_DIR)/CameraKitExample.app/CameraKitExample";
			};
			name = Release;
		};
/* End XCBuildConfiguration section */

/* Begin XCConfigurationList section */
		7CB039071AD2180600536804 /* Build configuration list for PBXProject "CameraKitExample" */ = {
			isa = XCConfigurationList;
			buildConfigurations = (
				7CB039291AD2180600536804 /* Debug */,
				7CB0392A1AD2180600536804 /* Release */,
			);
			defaultConfigurationIsVisible = 0;
			defaultConfigurationName = Release;
		};
		7CB0392B1AD2180600536804 /* Build configuration list for PBXNativeTarget "CameraKitExample" */ = {
			isa = XCConfigurationList;
			buildConfigurations = (
				7CB0392C1AD2180600536804 /* Debug */,
				7CB0392D1AD2180600536804 /* Release */,
			);
			defaultConfigurationIsVisible = 0;
			defaultConfigurationName = Release;
		};
		7CB0392E1AD2180600536804 /* Build configuration list for PBXNativeTarget "CameraKitExampleTests" */ = {
			isa = XCConfigurationList;
			buildConfigurations = (
				7CB0392F1AD2180600536804 /* Debug */,
				7CB039301AD2180600536804 /* Release */,
			);
			defaultConfigurationIsVisible = 0;
			defaultConfigurationName = Release;
		};
/* End XCConfigurationList section */
	};
	rootObject = 7CB039041AD2180600536804 /* Project object */;
}
